Microsoft Visual Studio Solution File, Format Version 12.00
# Visual Studio Version 17
VisualStudioVersion = 17.5.2.0
MinimumVisualStudioVersion = 10.0.40219.1
Project("{FAE04EC0-301F-11D3-BF4B-00C04F79EFBC}") = "TDSPG.API", "TDSPG.API.csproj", "{92A568EC-5D5D-015E-77AA-9F77AE5A97FB}"
EndProject
Global
	GlobalSection(SolutionConfigurationPlatforms) = preSolution
		Debug|Any CPU = Debug|Any CPU
		Release|Any CPU = Release|Any CPU
	EndGlobalSection
	GlobalSection(ProjectConfigurationPlatforms) = postSolution
		{92A568EC-5D5D-015E-77AA-9F77AE5A97FB}.Debug|Any CPU.ActiveCfg = Debug|Any CPU
		{92A568EC-5D5D-015E-77AA-9F77AE5A97FB}.Debug|Any CPU.Build.0 = Debug|Any CPU
		{92A568EC-5D5D-015E-77AA-9F77AE5A97FB}.Release|Any CPU.ActiveCfg = Release|Any CPU
		{92A568EC-5D5D-015E-77AA-9F77AE5A97FB}.Release|Any CPU.Build.0 = Release|Any CPU
	EndGlobalSection
	GlobalSection(SolutionProperties) = preSolution
		HideSolutionNode = FALSE
	EndGlobalSection
	GlobalSection(ExtensibilityGlobals) = postSolution
		SolutionGuid = {25D9FF13-94C3-472B-A12A-AC58E3DC39FC}
	EndGlobalSection
EndGlobal
